
Microsoft Visual Studio Solution File, Format Version 12.00
Project("{FAE04EC0-301F-11D3-BF4B-00C04F79EFBC}") = "Mkb.EF.Repo", "Mkb.EF.Repo\Mkb.EF.Repo.csproj", "{D3CC835E-6BCB-4900-AA82-4BEBA4383876}"
EndProject
Project("{FAE04EC0-301F-11D3-BF4B-00C04F79EFBC}") = "Mkb.EF.Repo.Tests", "Mkb.EF.Repo.Tests\Mkb.EF.Repo.Tests.csproj", "{8EBF2F66-85B0-422B-BE06-67D6CBC58FEE}"
EndProject
Global
	GlobalSection(SolutionConfigurationPlatforms) = preSolution
		Debug|Any CPU = Debug|Any CPU
		Release|Any CPU = Release|Any CPU
	EndGlobalSection
	GlobalSection(ProjectConfigurationPlatforms) = postSolution
		{D3CC835E-6BCB-4900-AA82-4BEBA4383876}.Debug|Any CPU.ActiveCfg = Debug|Any CPU
		{D3CC835E-6BCB-4900-AA82-4BEBA4383876}.Debug|Any CPU.Build.0 = Debug|Any CPU
		{D3CC835E-6BCB-4900-AA82-4BEBA4383876}.Release|Any CPU.ActiveCfg = Release|Any CPU
		{D3CC835E-6BCB-4900-AA82-4BEBA4383876}.Release|Any CPU.Build.0 = Release|Any CPU
		{8EBF2F66-85B0-422B-BE06-67D6CBC58FEE}.Debug|Any CPU.ActiveCfg = Debug|Any CPU
		{8EBF2F66-85B0-422B-BE06-67D6CBC58FEE}.Debug|Any CPU.Build.0 = Debug|Any CPU
		{8EBF2F66-85B0-422B-BE06-67D6CBC58FEE}.Release|Any CPU.ActiveCfg = Release|Any CPU
		{8EBF2F66-85B0-422B-BE06-67D6CBC58FEE}.Release|Any CPU.Build.0 = Release|Any CPU
	EndGlobalSection
EndGlobal
